// !$*UTF8*$!
{
	archiveVersion = 1;
	classes = {
	};
	objectVersion = 56;
	objects = {

/* Begin PBXBuildFile section */
		BA2CB7A32BF8CA7300ED4F72 /* BatteryCharge.swift in Sources */ = {isa = PBXBuildFile; fileRef = BA2CB7A22BF8CA7300ED4F72 /* BatteryCharge.swift */; };
		BA5FBEC42BF281E700C99757 /* TaskTeslaApp.swift in Sources */ = {isa = PBXBuildFile; fileRef = BA5FBEC32BF281E700C99757 /* TaskTeslaApp.swift */; };
		BA5FBEC62BF281E700C99757 /* SettingsScreenView.swift in Sources */ = {isa = PBXBuildFile; fileRef = BA5FBEC52BF281E700C99757 /* SettingsScreenView.swift */; };
		BA5FBEC82BF281E800C99757 /* Assets.xcassets in Resources */ = {isa = PBXBuildFile; fileRef = BA5FBEC72BF281E800C99757 /* Assets.xcassets */; };
		BA5FBECB2BF281E800C99757 /* Preview Assets.xcassets in Resources */ = {isa = PBXBuildFile; fileRef = BA5FBECA2BF281E800C99757 /* Preview Assets.xcassets */; };
		BA610DD52BF3AB500066AA21 /* NeumorphismUnSelected.swift in Sources */ = {isa = PBXBuildFile; fileRef = BA610DD42BF3AB500066AA21 /* NeumorphismUnSelected.swift */; };
		BA610DD72BF3AB6C0066AA21 /* NeumorphismSelected.swift in Sources */ = {isa = PBXBuildFile; fileRef = BA610DD62BF3AB6C0066AA21 /* NeumorphismSelected.swift */; };
		BA610DD92BF3AB870066AA21 /* NeumorphismUnSelectedCircule.swift in Sources */ = {isa = PBXBuildFile; fileRef = BA610DD82BF3AB870066AA21 /* NeumorphismUnSelectedCircule.swift */; };
		BA610DDB2BF3AC380066AA21 /* NeumorphismSelectedSettings.swift in Sources */ = {isa = PBXBuildFile; fileRef = BA610DDA2BF3AC380066AA21 /* NeumorphismSelectedSettings.swift */; };
		BA610DDD2BF3BD610066AA21 /* ClimateSystemsView.swift in Sources */ = {isa = PBXBuildFile; fileRef = BA610DDC2BF3BD610066AA21 /* ClimateSystemsView.swift */; };
		BA610DE02BF3E5CF0066AA21 /* ClimateSystemsViewModel.swift in Sources */ = {isa = PBXBuildFile; fileRef = BA610DDF2BF3E5CF0066AA21 /* ClimateSystemsViewModel.swift */; };
		BA6928B82BF4DE77003B220E /* BlurView.swift in Sources */ = {isa = PBXBuildFile; fileRef = BA6928B72BF4DE77003B220E /* BlurView.swift */; };
		BA6928BA2BF4DFF9003B220E /* Corner.swift in Sources */ = {isa = PBXBuildFile; fileRef = BA6928B92BF4DFF9003B220E /* Corner.swift */; };
		BA6C46452BF3364A008F2AE6 /* ButtomSheetView.swift in Sources */ = {isa = PBXBuildFile; fileRef = BA6C46442BF3364A008F2AE6 /* ButtomSheetView.swift */; };
		BA6C46472BF33780008F2AE6 /* DisclosureGroupView.swift in Sources */ = {isa = PBXBuildFile; fileRef = BA6C46462BF33780008F2AE6 /* DisclosureGroupView.swift */; };
		BA6C464B2BF347CC008F2AE6 /* View + Extension.swift in Sources */ = {isa = PBXBuildFile; fileRef = BA6C464A2BF347CC008F2AE6 /* View + Extension.swift */; };
		BA6C464D2BF35ADF008F2AE6 /* StartScreenView.swift in Sources */ = {isa = PBXBuildFile; fileRef = BA6C464C2BF35ADF008F2AE6 /* StartScreenView.swift */; };
		BA975EBE2BF48FDC005831B9 /* ClimateControlSlider.swift in Sources */ = {isa = PBXBuildFile; fileRef = BA975EBD2BF48FDC005831B9 /* ClimateControlSlider.swift */; };
		BAA0F13D2BF5E7A9004B203F /* PathView.swift in Sources */ = {isa = PBXBuildFile; fileRef = BAA0F13C2BF5E7A9004B203F /* PathView.swift */; };
		BAA0F13F2BF5FB9A004B203F /* MatchedGeometryEffectView.swift in Sources */ = {isa = PBXBuildFile; fileRef = BAA0F13E2BF5FB9A004B203F /* MatchedGeometryEffectView.swift */; };
		BAB6D0182BF6471600127E22 /* TeslaLogo.swift in Sources */ = {isa = PBXBuildFile; fileRef = BAB6D0172BF6471600127E22 /* TeslaLogo.swift */; };
		BAB6D01A2BF64DE100127E22 /* CustomTabView.swift in Sources */ = {isa = PBXBuildFile; fileRef = BAB6D0192BF64DE100127E22 /* CustomTabView.swift */; };
		BAB6D01C2BF65FD500127E22 /* CustonNavigationLink.swift in Sources */ = {isa = PBXBuildFile; fileRef = BAB6D01B2BF65FD500127E22 /* CustonNavigationLink.swift */; };
		BAB6D01F2BF6610A00127E22 /* Navigation+Extension.swift in Sources */ = {isa = PBXBuildFile; fileRef = BAB6D01E2BF6610A00127E22 /* Navigation+Extension.swift */; };
		BAB6D0222BF66B3200127E22 /* ContolTabView.swift in Sources */ = {isa = PBXBuildFile; fileRef = BAB6D0212BF66B3200127E22 /* ContolTabView.swift */; };
		BAB6D0242BF66E2900127E22 /* ContolTabView2.swift in Sources */ = {isa = PBXBuildFile; fileRef = BAB6D0232BF66E2900127E22 /* ContolTabView2.swift */; };
		BAB6D0262BF6822200127E22 /* TeslaTabView.swift in Sources */ = {isa = PBXBuildFile; fileRef = BAB6D0252BF6822200127E22 /* TeslaTabView.swift */; };
		BAB6D02B2BF69E8B00127E22 /* ExplorerScreenView.swift in Sources */ = {isa = PBXBuildFile; fileRef = BAB6D02A2BF69E8B00127E22 /* ExplorerScreenView.swift */; };
		BAB6D02D2BF69EF400127E22 /* ChargingView.swift in Sources */ = {isa = PBXBuildFile; fileRef = BAB6D02C2BF69EF400127E22 /* ChargingView.swift */; };
		BAC1147A2BFB356E00CEAFCF /* ChargingSlider.swift in Sources */ = {isa = PBXBuildFile; fileRef = BAC114792BFB356E00CEAFCF /* ChargingSlider.swift */; };
/* End PBXBuildFile section */

/* Begin PBXFileReference section */
		BA2CB7A22BF8CA7300ED4F72 /* BatteryCharge.swift */ = {isa = PBXFileReference; lastKnownFileType = sourcecode.swift; path = BatteryCharge.swift; sourceTree = "<group>"; };
		BA5FBEC02BF281E700C99757 /* TaskTesla.app */ = {isa = PBXFileReference; explicitFileType = wrapper.application; includeInIndex = 0; path = TaskTesla.app; sourceTree = BUILT_PRODUCTS_DIR; };
		BA5FBEC32BF281E700C99757 /* TaskTeslaApp.swift */ = {isa = PBXFileReference; lastKnownFileType = sourcecode.swift; path = TaskTeslaApp.swift; sourceTree = "<group>"; };
		BA5FBEC52BF281E700C99757 /* SettingsScreenView.swift */ = {isa = PBXFileReference; lastKnownFileType = sourcecode.swift; path = SettingsScreenView.swift; sourceTree = "<group>"; };
		BA5FBEC72BF281E800C99757 /* Assets.xcassets */ = {isa = PBXFileReference; lastKnownFileType = folder.assetcatalog; path = Assets.xcassets; sourceTree = "<group>"; };
		BA5FBECA2BF281E800C99757 /* Preview Assets.xcassets */ = {isa = PBXFileReference; lastKnownFileType = folder.assetcatalog; path = "Preview Assets.xcassets"; sourceTree = "<group>"; };
		BA610DD42BF3AB500066AA21 /* NeumorphismUnSelected.swift */ = {isa = PBXFileReference; lastKnownFileType = sourcecode.swift; path = NeumorphismUnSelected.swift; sourceTree = "<group>"; };
		BA610DD62BF3AB6C0066AA21 /* NeumorphismSelected.swift */ = {isa = PBXFileReference; lastKnownFileType = sourcecode.swift; path = NeumorphismSelected.swift; sourceTree = "<group>"; };
		BA610DD82BF3AB870066AA21 /* NeumorphismUnSelectedCircule.swift */ = {isa = PBXFileReference; lastKnownFileType = sourcecode.swift; path = NeumorphismUnSelectedCircule.swift; sourceTree = "<group>"; };
		BA610DDA2BF3AC380066AA21 /* NeumorphismSelectedSettings.swift */ = {isa = PBXFileReference; lastKnownFileType = sourcecode.swift; path = NeumorphismSelectedSettings.swift; sourceTree = "<group>"; };
		BA610DDC2BF3BD610066AA21 /* ClimateSystemsView.swift */ = {isa = PBXFileReference; lastKnownFileType = sourcecode.swift; path = ClimateSystemsView.swift; sourceTree = "<group>"; };
		BA610DDF2BF3E5CF0066AA21 /* ClimateSystemsViewModel.swift */ = {isa = PBXFileReference; lastKnownFileType = sourcecode.swift; path = ClimateSystemsViewModel.swift; sourceTree = "<group>"; };
		BA6928B72BF4DE77003B220E /* BlurView.swift */ = {isa = PBXFileReference; lastKnownFileType = sourcecode.swift; path = BlurView.swift; sourceTree = "<group>"; };
		BA6928B92BF4DFF9003B220E /* Corner.swift */ = {isa = PBXFileReference; lastKnownFileType = sourcecode.swift; path = Corner.swift; sourceTree = "<group>"; };
		BA6C46442BF3364A008F2AE6 /* ButtomSheetView.swift */ = {isa = PBXFileReference; lastKnownFileType = sourcecode.swift; path = ButtomSheetView.swift; sourceTree = "<group>"; };
		BA6C46462BF33780008F2AE6 /* DisclosureGroupView.swift */ = {isa = PBXFileReference; lastKnownFileType = sourcecode.swift; path = DisclosureGroupView.swift; sourceTree = "<group>"; };
		BA6C464A2BF347CC008F2AE6 /* View + Extension.swift */ = {isa = PBXFileReference; lastKnownFileType = sourcecode.swift; path = "View + Extension.swift"; sourceTree = "<group>"; };
		BA6C464C2BF35ADF008F2AE6 /* StartScreenView.swift */ = {isa = PBXFileReference; lastKnownFileType = sourcecode.swift; path = StartScreenView.swift; sourceTree = "<group>"; };
		BA975EBD2BF48FDC005831B9 /* ClimateControlSlider.swift */ = {isa = PBXFileReference; lastKnownFileType = sourcecode.swift; path = ClimateControlSlider.swift; sourceTree = "<group>"; };
		BAA0F13C2BF5E7A9004B203F /* PathView.swift */ = {isa = PBXFileReference; lastKnownFileType = sourcecode.swift; path = PathView.swift; sourceTree = "<group>"; };
		BAA0F13E2BF5FB9A004B203F /* MatchedGeometryEffectView.swift */ = {isa = PBXFileReference; lastKnownFileType = sourcecode.swift; path = MatchedGeometryEffectView.swift; sourceTree = "<group>"; };
		BAB6D0172BF6471600127E22 /* TeslaLogo.swift */ = {isa = PBXFileReference; lastKnownFileType = sourcecode.swift; path = TeslaLogo.swift; sourceTree = "<group>"; };
		BAB6D0192BF64DE100127E22 /* CustomTabView.swift */ = {isa = PBXFileReference; lastKnownFileType = sourcecode.swift; path = CustomTabView.swift; sourceTree = "<group>"; };
		BAB6D01B2BF65FD500127E22 /* CustonNavigationLink.swift */ = {isa = PBXFileReference; lastKnownFileType = sourcecode.swift; path = CustonNavigationLink.swift; sourceTree = "<group>"; };
		BAB6D01E2BF6610A00127E22 /* Navigation+Extension.swift */ = {isa = PBXFileReference; lastKnownFileType = sourcecode.swift; path = "Navigation+Extension.swift"; sourceTree = "<group>"; };
		BAB6D0212BF66B3200127E22 /* ContolTabView.swift */ = {isa = PBXFileReference; lastKnownFileType = sourcecode.swift; path = ContolTabView.swift; sourceTree = "<group>"; };
		BAB6D0232BF66E2900127E22 /* ContolTabView2.swift */ = {isa = PBXFileReference; lastKnownFileType = sourcecode.swift; path = ContolTabView2.swift; sourceTree = "<group>"; };
		BAB6D0252BF6822200127E22 /* TeslaTabView.swift */ = {isa = PBXFileReference; lastKnownFileType = sourcecode.swift; path = TeslaTabView.swift; sourceTree = "<group>"; };
		BAB6D02A2BF69E8B00127E22 /* ExplorerScreenView.swift */ = {isa = PBXFileReference; lastKnownFileType = sourcecode.swift; path = ExplorerScreenView.swift; sourceTree = "<group>"; };
		BAB6D02C2BF69EF400127E22 /* ChargingView.swift */ = {isa = PBXFileReference; lastKnownFileType = sourcecode.swift; path = ChargingView.swift; sourceTree = "<group>"; };
		BAC114792BFB356E00CEAFCF /* ChargingSlider.swift */ = {isa = PBXFileReference; lastKnownFileType = sourcecode.swift; path = ChargingSlider.swift; sourceTree = "<group>"; };
/* End PBXFileReference section */

/* Begin PBXFrameworksBuildPhase section */
		BA5FBEBD2BF281E700C99757 /* Frameworks */ = {
			isa = PBXFrameworksBuildPhase;
			buildActionMask = 2147483647;
			files = (
			);
			runOnlyForDeploymentPostprocessing = 0;
		};
/* End PBXFrameworksBuildPhase section */

/* Begin PBXGroup section */
		BA5FBEB72BF281E700C99757 = {
			isa = PBXGroup;
			children = (
				BA5FBEC22BF281E700C99757 /* TaskTesla */,
				BA5FBEC12BF281E700C99757 /* Products */,
			);
			sourceTree = "<group>";
		};
		BA5FBEC12BF281E700C99757 /* Products */ = {
			isa = PBXGroup;
			children = (
				BA5FBEC02BF281E700C99757 /* TaskTesla.app */,
			);
			name = Products;
			sourceTree = "<group>";
		};
		BA5FBEC22BF281E700C99757 /* TaskTesla */ = {
			isa = PBXGroup;
			children = (
				BA5FBEC32BF281E700C99757 /* TaskTeslaApp.swift */,
				BAB6D02A2BF69E8B00127E22 /* ExplorerScreenView.swift */,
				BAC1147B2BFB388800CEAFCF /* Sliders */,
				BAFF60032BF77AF200280A4B /* ChargingScreen */,
				BAB6D0162BF646CD00127E22 /* StartScreen */,
				BAB6D0202BF66AFA00127E22 /* SettingsScreen */,
				BA610DDE2BF3E5AB0066AA21 /* ClimateSystem */,
				BA610DD32BF3AB240066AA21 /* Modifiers */,
				BA6C46492BF34788008F2AE6 /* Extensions */,
				BA6C46482BF34557008F2AE6 /* LessonsTask */,
				BA5FBEC72BF281E800C99757 /* Assets.xcassets */,
				BA5FBEC92BF281E800C99757 /* Preview Content */,
			);
			path = TaskTesla;
			sourceTree = "<group>";
		};
		BA5FBEC92BF281E800C99757 /* Preview Content */ = {
			isa = PBXGroup;
			children = (
				BA5FBECA2BF281E800C99757 /* Preview Assets.xcassets */,
			);
			path = "Preview Content";
			sourceTree = "<group>";
		};
		BA610DD32BF3AB240066AA21 /* Modifiers */ = {
			isa = PBXGroup;
			children = (
				BA610DD42BF3AB500066AA21 /* NeumorphismUnSelected.swift */,
				BA610DDA2BF3AC380066AA21 /* NeumorphismSelectedSettings.swift */,
				BA610DD82BF3AB870066AA21 /* NeumorphismUnSelectedCircule.swift */,
				BA610DD62BF3AB6C0066AA21 /* NeumorphismSelected.swift */,
			);
			path = Modifiers;
			sourceTree = "<group>";
		};
		BA610DDE2BF3E5AB0066AA21 /* ClimateSystem */ = {
			isa = PBXGroup;
			children = (
				BA610DDC2BF3BD610066AA21 /* ClimateSystemsView.swift */,
				BA610DDF2BF3E5CF0066AA21 /* ClimateSystemsViewModel.swift */,
				BA6928B72BF4DE77003B220E /* BlurView.swift */,
				BA6928B92BF4DFF9003B220E /* Corner.swift */,
			);
			path = ClimateSystem;
			sourceTree = "<group>";
		};
		BA6C46482BF34557008F2AE6 /* LessonsTask */ = {
			isa = PBXGroup;
			children = (
				BA6C46442BF3364A008F2AE6 /* ButtomSheetView.swift */,
				BAB6D0272BF6990500127E22 /* CustomTabView */,
				BAB6D01D2BF660CE00127E22 /* CustonNavigaionLink */,
				BAA0F13C2BF5E7A9004B203F /* PathView.swift */,
				BAA0F13E2BF5FB9A004B203F /* MatchedGeometryEffectView.swift */,
				BA6C46462BF33780008F2AE6 /* DisclosureGroupView.swift */,
			);
			path = LessonsTask;
			sourceTree = "<group>";
		};
		BA6C46492BF34788008F2AE6 /* Extensions */ = {
			isa = PBXGroup;
			children = (
				BA6C464A2BF347CC008F2AE6 /* View + Extension.swift */,
			);
			path = Extensions;
			sourceTree = "<group>";
		};
		BAB6D0162BF646CD00127E22 /* StartScreen */ = {
			isa = PBXGroup;
			children = (
				BA6C464C2BF35ADF008F2AE6 /* StartScreenView.swift */,
				BAB6D0172BF6471600127E22 /* TeslaLogo.swift */,
			);
			path = StartScreen;
			sourceTree = "<group>";
		};
		BAB6D01D2BF660CE00127E22 /* CustonNavigaionLink */ = {
			isa = PBXGroup;
			children = (
				BAB6D01B2BF65FD500127E22 /* CustonNavigationLink.swift */,
				BAB6D01E2BF6610A00127E22 /* Navigation+Extension.swift */,
			);
			path = CustonNavigaionLink;
			sourceTree = "<group>";
		};
		BAB6D0202BF66AFA00127E22 /* SettingsScreen */ = {
			isa = PBXGroup;
			children = (
				BA5FBEC52BF281E700C99757 /* SettingsScreenView.swift */,
				BAB6D0252BF6822200127E22 /* TeslaTabView.swift */,
			);
			path = SettingsScreen;
			sourceTree = "<group>";
		};
		BAB6D0272BF6990500127E22 /* CustomTabView */ = {
			isa = PBXGroup;
			children = (
				BAB6D0232BF66E2900127E22 /* ContolTabView2.swift */,
				BAB6D0212BF66B3200127E22 /* ContolTabView.swift */,
				BAB6D0192BF64DE100127E22 /* CustomTabView.swift */,
			);
			path = CustomTabView;
			sourceTree = "<group>";
		};
		BAC1147B2BFB388800CEAFCF /* Sliders */ = {
			isa = PBXGroup;
			children = (
				BAC114792BFB356E00CEAFCF /* ChargingSlider.swift */,
				BA975EBD2BF48FDC005831B9 /* ClimateControlSlider.swift */,
			);
			path = Sliders;
			sourceTree = "<group>";
		};
		BAFF60032BF77AF200280A4B /* ChargingScreen */ = {
			isa = PBXGroup;
			children = (
				BAB6D02C2BF69EF400127E22 /* ChargingView.swift */,
				BA2CB7A22BF8CA7300ED4F72 /* BatteryCharge.swift */,
			);
			path = ChargingScreen;
			sourceTree = "<group>";
		};
/* End PBXGroup section */

/* Begin PBXNativeTarget section */
		BA5FBEBF2BF281E700C99757 /* TaskTesla */ = {
			isa = PBXNativeTarget;
			buildConfigurationList = BA5FBECE2BF281E800C99757 /* Build configuration list for PBXNativeTarget "TaskTesla" */;
			buildPhases = (
				BA5FBEBC2BF281E700C99757 /* Sources */,
				BA5FBEBD2BF281E700C99757 /* Frameworks */,
				BA5FBEBE2BF281E700C99757 /* Resources */,
			);
			buildRules = (
			);
			dependencies = (
			);
			name = TaskTesla;
			productName = TaskTesla;
			productReference = BA5FBEC02BF281E700C99757 /* TaskTesla.app */;
			productType = "com.apple.product-type.application";
		};
/* End PBXNativeTarget section */

/* Begin PBXProject section */
		BA5FBEB82BF281E700C99757 /* Project object */ = {
			isa = PBXProject;
			attributes = {
				BuildIndependentTargetsInParallel = 1;
				LastSwiftUpdateCheck = 1520;
				LastUpgradeCheck = 1520;
				TargetAttributes = {
					BA5FBEBF2BF281E700C99757 = {
						CreatedOnToolsVersion = 15.2;
					};
				};
			};
			buildConfigurationList = BA5FBEBB2BF281E700C99757 /* Build configuration list for PBXProject "TaskTesla" */;
			compatibilityVersion = "Xcode 14.0";
			developmentRegion = en;
			hasScannedForEncodings = 0;
			knownRegions = (
				en,
				Base,
			);
			mainGroup = BA5FBEB72BF281E700C99757;
			productRefGroup = BA5FBEC12BF281E700C99757 /* Products */;
			projectDirPath = "";
			projectRoot = "";
			targets = (
				BA5FBEBF2BF281E700C99757 /* TaskTesla */,
			);
		};
/* End PBXProject section */

/* Begin PBXResourcesBuildPhase section */
		BA5FBEBE2BF281E700C99757 /* Resources */ = {
			isa = PBXResourcesBuildPhase;
			buildActionMask = 2147483647;
			files = (
				BA5FBECB2BF281E800C99757 /* Preview Assets.xcassets in Resources */,
				BA5FBEC82BF281E800C99757 /* Assets.xcassets in Resources */,
			);
			runOnlyForDeploymentPostprocessing = 0;
		};
/* End PBXResourcesBuildPhase section */

/* Begin PBXSourcesBuildPhase section */
		BA5FBEBC2BF281E700C99757 /* Sources */ = {
			isa = PBXSourcesBuildPhase;
			buildActionMask = 2147483647;
			files = (
				BA5FBEC62BF281E700C99757 /* SettingsScreenView.swift in Sources */,
				BAB6D02D2BF69EF400127E22 /* ChargingView.swift in Sources */,
				BAA0F13D2BF5E7A9004B203F /* PathView.swift in Sources */,
				BA6928B82BF4DE77003B220E /* BlurView.swift in Sources */,
				BA610DD52BF3AB500066AA21 /* NeumorphismUnSelected.swift in Sources */,
				BA6C46472BF33780008F2AE6 /* DisclosureGroupView.swift in Sources */,
				BAB6D0222BF66B3200127E22 /* ContolTabView.swift in Sources */,
				BAB6D0182BF6471600127E22 /* TeslaLogo.swift in Sources */,
				BAB6D01A2BF64DE100127E22 /* CustomTabView.swift in Sources */,
				BAB6D0262BF6822200127E22 /* TeslaTabView.swift in Sources */,
				BA6928BA2BF4DFF9003B220E /* Corner.swift in Sources */,
				BA5FBEC42BF281E700C99757 /* TaskTeslaApp.swift in Sources */,
				BA610DD72BF3AB6C0066AA21 /* NeumorphismSelected.swift in Sources */,
				BAB6D02B2BF69E8B00127E22 /* ExplorerScreenView.swift in Sources */,
				BA2CB7A32BF8CA7300ED4F72 /* BatteryCharge.swift in Sources */,
				BAC1147A2BFB356E00CEAFCF /* ChargingSlider.swift in Sources */,
				BA6C464D2BF35ADF008F2AE6 /* StartScreenView.swift in Sources */,
				BAB6D01C2BF65FD500127E22 /* CustonNavigationLink.swift in Sources */,
				BA6C464B2BF347CC008F2AE6 /* View + Extension.swift in Sources */,
				BA610DD92BF3AB870066AA21 /* NeumorphismUnSelectedCircule.swift in Sources */,
				BAA0F13F2BF5FB9A004B203F /* MatchedGeometryEffectView.swift in Sources */,
				BA6C46452BF3364A008F2AE6 /* ButtomSheetView.swift in Sources */,
				BAB6D01F2BF6610A00127E22 /* Navigation+Extension.swift in Sources */,
				BA610DDD2BF3BD610066AA21 /* ClimateSystemsView.swift in Sources */,
				BAB6D0242BF66E2900127E22 /* ContolTabView2.swift in Sources */,
				BA610DDB2BF3AC380066AA21 /* NeumorphismSelectedSettings.swift in Sources */,
				BA610DE02BF3E5CF0066AA21 /* ClimateSystemsViewModel.swift in Sources */,
				BA975EBE2BF48FDC005831B9 /* ClimateControlSlider.swift in Sources */,
			);
			runOnlyForDeploymentPostprocessing = 0;
		};
/* End PBXSourcesBuildPhase section */

/* Begin XCBuildConfiguration section */
		BA5FBECC2BF281E800C99757 /* Debug */ = {
			isa = XCBuildConfiguration;
			buildSettings = {
				ALWAYS_SEARCH_USER_PATHS = NO;
				ASSETCATALOG_COMPILER_GENERATE_SWIFT_ASSET_SYMBOL_EXTENSIONS = YES;
				CLANG_ANALYZER_NONNULL = YES;
				CLANG_ANALYZER_NUMBER_OBJECT_CONVERSION = YES_AGGRESSIVE;
				CLANG_CXX_LANGUAGE_STANDARD = "gnu++20";
				CLANG_ENABLE_MODULES = YES;
				CLANG_ENABLE_OBJC_ARC = YES;
				CLANG_ENABLE_OBJC_WEAK = YES;
				CLANG_WARN_BLOCK_CAPTURE_AUTORELEASING = YES;
				CLANG_WARN_BOOL_CONVERSION = YES;
				CLANG_WARN_COMMA = YES;
				CLANG_WARN_CONSTANT_CONVERSION = YES;
				CLANG_WARN_DEPRECATED_OBJC_IMPLEMENTATIONS = YES;
				CLANG_WARN_DIRECT_OBJC_ISA_USAGE = YES_ERROR;
				CLANG_WARN_DOCUMENTATION_COMMENTS = YES;
				CLANG_WARN_EMPTY_BODY = YES;
				CLANG_WARN_ENUM_CONVERSION = YES;
				CLANG_WARN_INFINITE_RECURSION = YES;
				CLANG_WARN_INT_CONVERSION = YES;
				CLANG_WARN_NON_LITERAL_NULL_CONVERSION = YES;
				CLANG_WARN_OBJC_IMPLICIT_RETAIN_SELF = YES;
				CLANG_WARN_OBJC_LITERAL_CONVERSION = YES;
				CLANG_WARN_OBJC_ROOT_CLASS = YES_ERROR;
				CLANG_WARN_QUOTED_INCLUDE_IN_FRAMEWORK_HEADER = YES;
				CLANG_WARN_RANGE_LOOP_ANALYSIS = YES;
				CLANG_WARN_STRICT_PROTOTYPES = YES;
				CLANG_WARN_SUSPICIOUS_MOVE = YES;
				CLANG_WARN_UNGUARDED_AVAILABILITY = YES_AGGRESSIVE;
				CLANG_WARN_UNREACHABLE_CODE = YES;
				CLANG_WARN__DUPLICATE_METHOD_MATCH = YES;
				COPY_PHASE_STRIP = NO;
				DEBUG_INFORMATION_FORMAT = dwarf;
				ENABLE_STRICT_OBJC_MSGSEND = YES;
				ENABLE_TESTABILITY = YES;
				ENABLE_USER_SCRIPT_SANDBOXING = YES;
				GCC_C_LANGUAGE_STANDARD = gnu17;
				GCC_DYNAMIC_NO_PIC = NO;
				GCC_NO_COMMON_BLOCKS = YES;
				GCC_OPTIMIZATION_LEVEL = 0;
				GCC_PREPROCESSOR_DEFINITIONS = (
					"DEBUG=1",
					"$(inherited)",
				);
				GCC_WARN_64_TO_32_BIT_CONVERSION = YES;
				GCC_WARN_ABOUT_RETURN_TYPE = YES_ERROR;
				GCC_WARN_UNDECLARED_SELECTOR = YES;
				GCC_WARN_UNINITIALIZED_AUTOS = YES_AGGRESSIVE;
				GCC_WARN_UNUSED_FUNCTION = YES;
				GCC_WARN_UNUSED_VARIABLE = YES;
				IPHONEOS_DEPLOYMENT_TARGET = 17.2;
				LOCALIZATION_PREFERS_STRING_CATALOGS = YES;
				MTL_ENABLE_DEBUG_INFO = INCLUDE_SOURCE;
				MTL_FAST_MATH = YES;
				ONLY_ACTIVE_ARCH = YES;
				SDKROOT = iphoneos;
				SWIFT_ACTIVE_COMPILATION_CONDITIONS = "DEBUG $(inherited)";
				SWIFT_OPTIMIZATION_LEVEL = "-Onone";
			};
			name = Debug;
		};
		BA5FBECD2BF281E800C99757 /* Release */ = {
			isa = XCBuildConfiguration;
			buildSettings = {
				ALWAYS_SEARCH_USER_PATHS = NO;
				ASSETCATALOG_COMPILER_GENERATE_SWIFT_ASSET_SYMBOL_EXTENSIONS = YES;
				CLANG_ANALYZER_NONNULL = YES;
				CLANG_ANALYZER_NUMBER_OBJECT_CONVERSION = YES_AGGRESSIVE;
				CLANG_CXX_LANGUAGE_STANDARD = "gnu++20";
				CLANG_ENABLE_MODULES = YES;
				CLANG_ENABLE_OBJC_ARC = YES;
				CLANG_ENABLE_OBJC_WEAK = YES;
				CLANG_WARN_BLOCK_CAPTURE_AUTORELEASING = YES;
				CLANG_WARN_BOOL_CONVERSION = YES;
				CLANG_WARN_COMMA = YES;
				CLANG_WARN_CONSTANT_CONVERSION = YES;
				CLANG_WARN_DEPRECATED_OBJC_IMPLEMENTATIONS = YES;
				CLANG_WARN_DIRECT_OBJC_ISA_USAGE = YES_ERROR;
				CLANG_WARN_DOCUMENTATION_COMMENTS = YES;
				CLANG_WARN_EMPTY_BODY = YES;
				CLANG_WARN_ENUM_CONVERSION = YES;
				CLANG_WARN_INFINITE_RECURSION = YES;
				CLANG_WARN_INT_CONVERSION = YES;
				CLANG_WARN_NON_LITERAL_NULL_CONVERSION = YES;
				CLANG_WARN_OBJC_IMPLICIT_RETAIN_SELF = YES;
				CLANG_WARN_OBJC_LITERAL_CONVERSION = YES;
				CLANG_WARN_OBJC_ROOT_CLASS = YES_ERROR;
				CLANG_WARN_QUOTED_INCLUDE_IN_FRAMEWORK_HEADER = YES;
				CLANG_WARN_RANGE_LOOP_ANALYSIS = YES;
				CLANG_WARN_STRICT_PROTOTYPES = YES;
				CLANG_WARN_SUSPICIOUS_MOVE = YES;
				CLANG_WARN_UNGUARDED_AVAILABILITY = YES_AGGRESSIVE;
				CLANG_WARN_UNREACHABLE_CODE = YES;
				CLANG_WARN__DUPLICATE_METHOD_MATCH = YES;
				COPY_PHASE_STRIP = NO;
				DEBUG_INFORMATION_FORMAT = "dwarf-with-dsym";
				ENABLE_NS_ASSERTIONS = NO;
				ENABLE_STRICT_OBJC_MSGSEND = YES;
				ENABLE_USER_SCRIPT_SANDBOXING = YES;
				GCC_C_LANGUAGE_STANDARD = gnu17;
				GCC_NO_COMMON_BLOCKS = YES;
				GCC_WARN_64_TO_32_BIT_CONVERSION = YES;
				GCC_WARN_ABOUT_RETURN_TYPE = YES_ERROR;
				GCC_WARN_UNDECLARED_SELECTOR = YES;
				GCC_WARN_UNINITIALIZED_AUTOS = YES_AGGRESSIVE;
				GCC_WARN_UNUSED_FUNCTION = YES;
				GCC_WARN_UNUSED_VARIABLE = YES;
				IPHONEOS_DEPLOYMENT_TARGET = 17.2;
				LOCALIZATION_PREFERS_STRING_CATALOGS = YES;
				MTL_ENABLE_DEBUG_INFO = NO;
				MTL_FAST_MATH = YES;
				SDKROOT = iphoneos;
				SWIFT_COMPILATION_MODE = wholemodule;
				VALIDATE_PRODUCT = YES;
			};
			name = Release;
		};
		BA5FBECF2BF281E800C99757 /* Debug */ = {
			isa = XCBuildConfiguration;
			buildSettings = {
				ASSETCATALOG_COMPILER_APPICON_NAME = AppIcon;
				ASSETCATALOG_COMPILER_GLOBAL_ACCENT_COLOR_NAME = AccentColor;
				CODE_SIGN_STYLE = Automatic;
				CURRENT_PROJECT_VERSION = 1;
				DEVELOPMENT_ASSET_PATHS = "\"TaskTesla/Preview Content\"";
				ENABLE_PREVIEWS = YES;
				GENERATE_INFOPLIST_FILE = YES;
				INFOPLIST_KEY_UIApplicationSceneManifest_Generation = YES;
				INFOPLIST_KEY_UIApplicationSupportsIndirectInputEvents = YES;
				INFOPLIST_KEY_UILaunchScreen_Generation = YES;
				INFOPLIST_KEY_UISupportedInterfaceOrientations_iPad = "UIInterfaceOrientationPortrait UIInterfaceOrientationPortraitUpsideDown UIInterfaceOrientationLandscapeLeft UIInterfaceOrientationLandscapeRight";
				INFOPLIST_KEY_UISupportedInterfaceOrientations_iPhone = "UIInterfaceOrientationPortrait UIInterfaceOrientationLandscapeLeft UIInterfaceOrientationLandscapeRight";
				LD_RUNPATH_SEARCH_PATHS = (
					"$(inherited)",
					"@executable_path/Frameworks",
				);
				MARKETING_VERSION = 1.0;
				PRODUCT_BUNDLE_IDENTIFIER = IvanTulin.TaskTesla;
				PRODUCT_NAME = "$(TARGET_NAME)";
				SWIFT_EMIT_LOC_STRINGS = YES;
				SWIFT_VERSION = 5.0;
				TARGETED_DEVICE_FAMILY = "1,2";
			};
			name = Debug;
		};
		BA5FBED02BF281E800C99757 /* Release */ = {
			isa = XCBuildConfiguration;
			buildSettings = {
				ASSETCATALOG_COMPILER_APPICON_NAME = AppIcon;
				ASSETCATALOG_COMPILER_GLOBAL_ACCENT_COLOR_NAME = AccentColor;
				CODE_SIGN_STYLE = Automatic;
				CURRENT_PROJECT_VERSION = 1;
				DEVELOPMENT_ASSET_PATHS = "\"TaskTesla/Preview Content\"";
				ENABLE_PREVIEWS = YES;
				GENERATE_INFOPLIST_FILE = YES;
				INFOPLIST_KEY_UIApplicationSceneManifest_Generation = YES;
				INFOPLIST_KEY_UIApplicationSupportsIndirectInputEvents = YES;
				INFOPLIST_KEY_UILaunchScreen_Generation = YES;
				INFOPLIST_KEY_UISupportedInterfaceOrientations_iPad = "UIInterfaceOrientationPortrait UIInterfaceOrientationPortraitUpsideDown UIInterfaceOrientationLandscapeLeft UIInterfaceOrientationLandscapeRight";
				INFOPLIST_KEY_UISupportedInterfaceOrientations_iPhone = "UIInterfaceOrientationPortrait UIInterfaceOrientationLandscapeLeft UIInterfaceOrientationLandscapeRight";
				LD_RUNPATH_SEARCH_PATHS = (
					"$(inherited)",
					"@executable_path/Frameworks",
				);
				MARKETING_VERSION = 1.0;
				PRODUCT_BUNDLE_IDENTIFIER = IvanTulin.TaskTesla;
				PRODUCT_NAME = "$(TARGET_NAME)";
				SWIFT_EMIT_LOC_STRINGS = YES;
				SWIFT_VERSION = 5.0;
				TARGETED_DEVICE_FAMILY = "1,2";
			};
			name = Release;
		};
/* End XCBuildConfiguration section */

/* Begin XCConfigurationList section */
		BA5FBEBB2BF281E700C99757 /* Build configuration list for PBXProject "TaskTesla" */ = {
			isa = XCConfigurationList;
			buildConfigurations = (
				BA5FBECC2BF281E800C99757 /* Debug */,
				BA5FBECD2BF281E800C99757 /* Release */,
			);
			defaultConfigurationIsVisible = 0;
			defaultConfigurationName = Release;
		};
		BA5FBECE2BF281E800C99757 /* Build configuration list for PBXNativeTarget "TaskTesla" */ = {
			isa = XCConfigurationList;
			buildConfigurations = (
				BA5FBECF2BF281E800C99757 /* Debug */,
				BA5FBED02BF281E800C99757 /* Release */,
			);
			defaultConfigurationIsVisible = 0;
			defaultConfigurationName = Release;
		};
/* End XCConfigurationList section */
	};
	rootObject = BA5FBEB82BF281E700C99757 /* Project object */;
}
